
Microsoft Visual Studio Solution File, Format Version 12.00
# Visual Studio Version 17
VisualStudioVersion = 17.10.35027.167
MinimumVisualStudioVersion = 10.0.40219.1
Project("{FAE04EC0-301F-11D3-BF4B-00C04F79EFBC}") = "Vdeo3", "Vdeo3.csproj", "{DBF82D0C-6EA4-418A-9A7E-7FB5AFD5F802}"
EndProject
Global
	GlobalSection(SolutionConfigurationPlatforms) = preSolution
		Debug|Any CPU = Debug|Any CPU
		Release|Any CPU = Release|Any CPU
	EndGlobalSection
	GlobalSection(ProjectConfigurationPlatforms) = postSolution
		{DBF82D0C-6EA4-418A-9A7E-7FB5AFD5F802}.Debug|Any CPU.ActiveCfg = Debug|Any CPU
		{DBF82D0C-6EA4-418A-9A7E-7FB5AFD5F802}.Debug|Any CPU.Build.0 = Debug|Any CPU
		{DBF82D0C-6EA4-418A-9A7E-7FB5AFD5F802}.Release|Any CPU.ActiveCfg = Release|Any CPU
		{DBF82D0C-6EA4-418A-9A7E-7FB5AFD5F802}.Release|Any CPU.Build.0 = Release|Any CPU
	EndGlobalSection
	GlobalSection(SolutionProperties) = preSolution
		HideSolutionNode = FALSE
	EndGlobalSection
	GlobalSection(ExtensibilityGlobals) = postSolution
		SolutionGuid = {8E8A9B9D-C665-4BB8-85A2-D2ADB123753F}
	EndGlobalSection
EndGlobal
